# This file is autogenerated, do not edit; changes may be undone by the next 'dep ensure'.


[[projects]]
  branch = "master"
  digest = "1:2b23c176460b7b078aeffc44d97515e13d7aa5857c1c2768b3e3defc0397626e"
  name = "github.com/antihax/optional"
  packages = ["."]
  pruneopts = "UT"
  revision = "ca021399b1a6796ecb758292c6311ce0b28857fc"

[[projects]]
  branch = "master"
  digest = "1:e2a1ff1174d564ed4b75a62757f4a9081ed3b8c99ed17e47eb252b048b4ff018"
  name = "github.com/asaskevich/EventBus"
  packages = ["."]
  pruneopts = "UT"
  revision = "d46933a94f05c6657d7b923fcf5ac563ee37ec79"

[[projects]]
  digest = "1:582b704bebaa06b48c29b0cec224a6058a09c86883aaddabde889cd1a5f73e1b"
  name = "github.com/google/uuid"
  packages = ["."]
  pruneopts = "UT"
  revision = "0cd6bf5da1e1c83f8b45653022c74f71af0538a4"
  version = "v1.1.1"

[[projects]]
  branch = "master"
  digest = "1:94607466f0c277e22205c9cbab6bff1c782cbbf82aa9c07cfce3654697066c59"
  name = "github.com/myzhan/boomer"
  packages = ["."]
  pruneopts = "UT"
  revision = "cb960fcc520e55085d44e02fb5e62f6507dec166"

[[projects]]
  digest = "1:4887e9e89c80299aa520d718239809fdd2a47a9aa394909b169959bfbc424ddf"
  name = "github.com/ugorji/go"
  packages = ["codec"]
  pruneopts = "UT"
  revision = "8fd0f8d918c8f0b52d0af210a812ba882cc31a1e"
  version = "v1.1.2"

[[projects]]
  digest = "1:2684f31e46097676f85dadf62e4c725a79c3e23de3fa5208c720c1fbce26f884"
  name = "github.com/zeromq/goczmq"
  packages = ["."]
  pruneopts = "UT"
  revision = "98ab09146269d98bc3e427046f5fc222c4134e0b"
  version = "v4.1.0"

[[projects]]
  branch = "master"
  digest = "1:61a9c5ac789999738a37a5ba11f6424487e078483ccc4a4610081b9b5c2ac372"
  name = "github.com/zeromq/gomq"
  packages = [
    ".",
    "zmtp",
  ]
  pruneopts = "UT"
  revision = "95dc37dee5c422f88f42cb88af6495ac543023f4"

[solve-meta]
  analyzer-name = "dep"
  analyzer-version = 1
  input-imports = [
    "github.com/antihax/optional",
    "github.com/myzhan/boomer",
  ]
  solver-name = "gps-cdcl"
  solver-version = 1
